
Microsoft Visual Studio Solution File, Format Version 12.00
# Visual Studio Version 17
VisualStudioVersion = 17.8.34511.84
MinimumVisualStudioVersion = 10.0.40219.1
Project("{9A19103F-16F7-4668-BE54-9A1E7A4F7556}") = "Aula01", "Aula01\Aula01.csproj", "{56CAABF8-61B7-4DEB-B9AD-B5B61B05D8BE}"
EndProject
Project("{FAE04EC0-301F-11D3-BF4B-00C04F79EFBC}") = "CocneitosBasicos", "CocneitosBasicos\CocneitosBasicos.csproj", "{B3048EB3-873F-4920-B90D-3FCF2BE8D51E}"
EndProject
Global
	GlobalSection(SolutionConfigurationPlatforms) = preSolution
		Debug|Any CPU = Debug|Any CPU
		Release|Any CPU = Release|Any CPU
	EndGlobalSection
	GlobalSection(ProjectConfigurationPlatforms) = postSolution
		{56CAABF8-61B7-4DEB-B9AD-B5B61B05D8BE}.Debug|Any CPU.ActiveCfg = Debug|Any CPU
		{56CAABF8-61B7-4DEB-B9AD-B5B61B05D8BE}.Debug|Any CPU.Build.0 = Debug|Any CPU
		{56CAABF8-61B7-4DEB-B9AD-B5B61B05D8BE}.Release|Any CPU.ActiveCfg = Release|Any CPU
		{56CAABF8-61B7-4DEB-B9AD-B5B61B05D8BE}.Release|Any CPU.Build.0 = Release|Any CPU
		{B3048EB3-873F-4920-B90D-3FCF2BE8D51E}.Debug|Any CPU.ActiveCfg = Debug|Any CPU
		{B3048EB3-873F-4920-B90D-3FCF2BE8D51E}.Debug|Any CPU.Build.0 = Debug|Any CPU
		{B3048EB3-873F-4920-B90D-3FCF2BE8D51E}.Release|Any CPU.ActiveCfg = Release|Any CPU
		{B3048EB3-873F-4920-B90D-3FCF2BE8D51E}.Release|Any CPU.Build.0 = Release|Any CPU
	EndGlobalSection
	GlobalSection(SolutionProperties) = preSolution
		HideSolutionNode = FALSE
	EndGlobalSection
	GlobalSection(ExtensibilityGlobals) = postSolution
		SolutionGuid = {D90771DA-8902-45C7-8596-B8FF0FCA04E6}
	EndGlobalSection
EndGlobal
